
Microsoft Visual Studio Solution File, Format Version 12.00
# Visual Studio Version 17
VisualStudioVersion = 17.3.32929.385
MinimumVisualStudioVersion = 10.0.40219.1
Project("{FAE04EC0-301F-11D3-BF4B-00C04F79EFBC}") = "Currency.Client", "Currency.Client\Currency.Client.csproj", "{CE40DFDD-F828-4105-B93E-EB243ED8FBDC}"
EndProject
Global
	GlobalSection(SolutionConfigurationPlatforms) = preSolution
		Debug|Any CPU = Debug|Any CPU
		Release|Any CPU = Release|Any CPU
	EndGlobalSection
	GlobalSection(ProjectConfigurationPlatforms) = postSolution
		{CE40DFDD-F828-4105-B93E-EB243ED8FBDC}.Debug|Any CPU.ActiveCfg = Debug|Any CPU
		{CE40DFDD-F828-4105-B93E-EB243ED8FBDC}.Debug|Any CPU.Build.0 = Debug|Any CPU
		{CE40DFDD-F828-4105-B93E-EB243ED8FBDC}.Release|Any CPU.ActiveCfg = Release|Any CPU
		{CE40DFDD-F828-4105-B93E-EB243ED8FBDC}.Release|Any CPU.Build.0 = Release|Any CPU
	EndGlobalSection
	GlobalSection(SolutionProperties) = preSolution
		HideSolutionNode = FALSE
	EndGlobalSection
	GlobalSection(ExtensibilityGlobals) = postSolution
		SolutionGuid = {6E1A7169-B072-41F9-AF4D-B77F661ED528}
	EndGlobalSection
EndGlobal
